// !$*UTF8*$!
{
	archiveVersion = 1;
	classes = {
	};
	objectVersion = 56;
	objects = {

/* Begin PBXBuildFile section */
		CF0289F32D9DAD0C008E53DC /* PhotosPickerItem+Extension.swift in Sources */ = {isa = PBXBuildFile; fileRef = CF0289F22D9DAD04008E53DC /* PhotosPickerItem+Extension.swift */; };
		CF0289F42D9DAD0C008E53DC /* PhotosPickerItem+Extension.swift in Sources */ = {isa = PBXBuildFile; fileRef = CF0289F22D9DAD04008E53DC /* PhotosPickerItem+Extension.swift */; };
		CF15B3412BAB048A00E8E050 /* AccountDetailsView.swift in Sources */ = {isa = PBXBuildFile; fileRef = CF15B3402BAB048A00E8E050 /* AccountDetailsView.swift */; };
		CF15B34A2BAC3D1200E8E050 /* NavigationToolbarView.swift in Sources */ = {isa = PBXBuildFile; fileRef = CF15B3492BAC3D1200E8E050 /* NavigationToolbarView.swift */; };
		CF15B34F2BACE84F00E8E050 /* AccountCellView.swift in Sources */ = {isa = PBXBuildFile; fileRef = CF15B34E2BACE84F00E8E050 /* AccountCellView.swift */; };
		CF15B3532BACEBC500E8E050 /* Double+Extension.swift in Sources */ = {isa = PBXBuildFile; fileRef = CF15B3522BACEBC500E8E050 /* Double+Extension.swift */; };
		CF15B35C2BAE006600E8E050 /* TransactionDetailsView.swift in Sources */ = {isa = PBXBuildFile; fileRef = CF15B35B2BAE006600E8E050 /* TransactionDetailsView.swift */; };
		CF15B3612BAE5BD600E8E050 /* TransactionCellView.swift in Sources */ = {isa = PBXBuildFile; fileRef = CF15B3602BAE5BD600E8E050 /* TransactionCellView.swift */; };
		CF2300A02D145EAF00B52746 /* LaunchScreen.storyboard in Resources */ = {isa = PBXBuildFile; fileRef = CF23009F2D145EAF00B52746 /* LaunchScreen.storyboard */; };
		CF2300A32D147C6000B52746 /* HomeView.swift in Sources */ = {isa = PBXBuildFile; fileRef = CF2300A22D147C6000B52746 /* HomeView.swift */; };
		CF2CB0A52A06F8D600CBA434 /* ModelContainer+Extension.swift in Sources */ = {isa = PBXBuildFile; fileRef = CF2CB0A42A06F8D600CBA434 /* ModelContainer+Extension.swift */; };
		CF2CB0A92A06F8D900CBA434 /* Assets.xcassets in Resources */ = {isa = PBXBuildFile; fileRef = CF2CB0A82A06F8D900CBA434 /* Assets.xcassets */; };
		CF2CB0AC2A06F8D900CBA434 /* Preview Assets.xcassets in Resources */ = {isa = PBXBuildFile; fileRef = CF2CB0AB2A06F8D900CBA434 /* Preview Assets.xcassets */; };
		CF2CB0BB2A06FC3E00CBA434 /* ContainerView.swift in Sources */ = {isa = PBXBuildFile; fileRef = CF2CB0BA2A06FC3E00CBA434 /* ContainerView.swift */; };
		CF2CB0C02A06FD9700CBA434 /* Color+Extension.swift in Sources */ = {isa = PBXBuildFile; fileRef = CF2CB0BF2A06FD9700CBA434 /* Color+Extension.swift */; };
		CF3116F12A14438600171A4D /* Account.swift in Sources */ = {isa = PBXBuildFile; fileRef = CF3116F02A14438600171A4D /* Account.swift */; };
		CF44BE312A0FB5000006019F /* Color.swift in Sources */ = {isa = PBXBuildFile; fileRef = CF44BE302A0FB5000006019F /* Color.swift */; };
		CF44BE332A0FB55A0006019F /* Spacing.swift in Sources */ = {isa = PBXBuildFile; fileRef = CF44BE322A0FB55A0006019F /* Spacing.swift */; };
		CF44BE342A0FB6220006019F /* Color.swift in Sources */ = {isa = PBXBuildFile; fileRef = CF44BE302A0FB5000006019F /* Color.swift */; };
		CF44BE352A0FB6330006019F /* Color+Extension.swift in Sources */ = {isa = PBXBuildFile; fileRef = CF2CB0BF2A06FD9700CBA434 /* Color+Extension.swift */; };
		CF44BE362A0FB6330006019F /* String+Extension.swift in Sources */ = {isa = PBXBuildFile; fileRef = CFBEE2442A080AA700586164 /* String+Extension.swift */; };
		CF5746352D22BDED007CC196 /* LettersIconView.swift in Sources */ = {isa = PBXBuildFile; fileRef = CFBEE2492A081B7100586164 /* LettersIconView.swift */; };
		CF5746382D22BE30007CC196 /* AccountData.swift in Sources */ = {isa = PBXBuildFile; fileRef = CF5746372D22BE2C007CC196 /* AccountData.swift */; };
		CF5746392D22C294007CC196 /* NiceColorPicker.swift in Sources */ = {isa = PBXBuildFile; fileRef = CF9D2A712A09967F0003DC39 /* NiceColorPicker.swift */; };
		CF57463A2D22C2AB007CC196 /* NiceIconPicker.swift in Sources */ = {isa = PBXBuildFile; fileRef = CF95BC192C5675DE00C8C1CE /* NiceIconPicker.swift */; };
		CF57463F2D240014007CC196 /* AccountBalanceProvider.swift in Sources */ = {isa = PBXBuildFile; fileRef = CF57463E2D240007007CC196 /* AccountBalanceProvider.swift */; };
		CF72A07F2BB9FB9900E0FDB1 /* CurrencyTextField.swift in Sources */ = {isa = PBXBuildFile; fileRef = CF72A07E2BB9FB9900E0FDB1 /* CurrencyTextField.swift */; };
		CF7A80462A0DA8CC0067F5A8 /* PizzaGraphView.swift in Sources */ = {isa = PBXBuildFile; fileRef = CFBEE2522A08471100586164 /* PizzaGraphView.swift */; };
		CF7A80492A0DAC580067F5A8 /* CategoriesListView.swift in Sources */ = {isa = PBXBuildFile; fileRef = CF7A80482A0DAC580067F5A8 /* CategoriesListView.swift */; };
		CF7A804F2A0DBAE20067F5A8 /* ImageIconView.swift in Sources */ = {isa = PBXBuildFile; fileRef = CF7A804E2A0DBAE20067F5A8 /* ImageIconView.swift */; };
		CF8104522C037BE4009599B8 /* ProcessInfo+Extension.swift in Sources */ = {isa = PBXBuildFile; fileRef = CF8104512C037BE4009599B8 /* ProcessInfo+Extension.swift */; };
		CF82EC652D982D06002F875A /* TransactionsListViewModel.swift in Sources */ = {isa = PBXBuildFile; fileRef = CF82EC642D982D01002F875A /* TransactionsListViewModel.swift */; };
		CF8CF26D2D20CE840008A0F3 /* Double+Extension.swift in Sources */ = {isa = PBXBuildFile; fileRef = CF15B3522BACEBC500E8E050 /* Double+Extension.swift */; };
		CF95BC162C566EED00C8C1CE /* Category.swift in Sources */ = {isa = PBXBuildFile; fileRef = CF95BC152C566EE900C8C1CE /* Category.swift */; };
		CF95BC1A2C5675DE00C8C1CE /* NiceIconPicker.swift in Sources */ = {isa = PBXBuildFile; fileRef = CF95BC192C5675DE00C8C1CE /* NiceIconPicker.swift */; };
		CF95BC1C2C57C55800C8C1CE /* CategoryCellView.swift in Sources */ = {isa = PBXBuildFile; fileRef = CF95BC1B2C57C54D00C8C1CE /* CategoryCellView.swift */; };
		CF95BC1F2C58188600C8C1CE /* CategoryDetails.swift in Sources */ = {isa = PBXBuildFile; fileRef = CF95BC1E2C58188600C8C1CE /* CategoryDetails.swift */; };
		CF95BC222C581C1200C8C1CE /* SelectCategoryView.swift in Sources */ = {isa = PBXBuildFile; fileRef = CF95BC212C581C0C00C8C1CE /* SelectCategoryView.swift */; };
		CF9D2A722A0996800003DC39 /* NiceColorPicker.swift in Sources */ = {isa = PBXBuildFile; fileRef = CF9D2A712A09967F0003DC39 /* NiceColorPicker.swift */; };
		CF9DA59F2D170B270061056F /* BarsGraphView.swift in Sources */ = {isa = PBXBuildFile; fileRef = CF9DA59E2D170B180061056F /* BarsGraphView.swift */; };
		CF9DA5A02D170B270061056F /* BarsGraphView.swift in Sources */ = {isa = PBXBuildFile; fileRef = CF9DA59E2D170B180061056F /* BarsGraphView.swift */; };
		CF9DA5A22D1715AC0061056F /* GraphItem.swift in Sources */ = {isa = PBXBuildFile; fileRef = CF9DA5A12D1715AC0061056F /* GraphItem.swift */; };
		CF9DA5A32D1715AC0061056F /* GraphItem.swift in Sources */ = {isa = PBXBuildFile; fileRef = CF9DA5A12D1715AC0061056F /* GraphItem.swift */; };
		CF9DA5AB2D171FCE0061056F /* CategoryExpensesView.swift in Sources */ = {isa = PBXBuildFile; fileRef = CF9DA5AA2D171FCE0061056F /* CategoryExpensesView.swift */; };
		CF9DA5AD2D171FD40061056F /* AccountsBalancesView.swift in Sources */ = {isa = PBXBuildFile; fileRef = CF9DA5AC2D171FD40061056F /* AccountsBalancesView.swift */; };
		CF9DA5AF2D17B0120061056F /* Installment.swift in Sources */ = {isa = PBXBuildFile; fileRef = CF9DA5AE2D17B0010061056F /* Installment.swift */; };
		CF9DA5B12D1839280061056F /* EditTransactionViewModel.swift in Sources */ = {isa = PBXBuildFile; fileRef = CF9DA5B02D1839210061056F /* EditTransactionViewModel.swift */; };
		CFA1DE5E2A0C32B20055E3CD /* WidgetKit.framework in Frameworks */ = {isa = PBXBuildFile; fileRef = CFA1DE5D2A0C32B20055E3CD /* WidgetKit.framework */; };
		CFA1DE602A0C32B20055E3CD /* SwiftUI.framework in Frameworks */ = {isa = PBXBuildFile; fileRef = CFA1DE5F2A0C32B20055E3CD /* SwiftUI.framework */; };
		CFA1DE672A0C32B20055E3CD /* AccountBalanceWidget.swift in Sources */ = {isa = PBXBuildFile; fileRef = CFA1DE662A0C32B20055E3CD /* AccountBalanceWidget.swift */; };
		CFA1DE6A2A0C32B50055E3CD /* Assets.xcassets in Resources */ = {isa = PBXBuildFile; fileRef = CFA1DE692A0C32B50055E3CD /* Assets.xcassets */; };
		CFA1DE6C2A0C32B50055E3CD /* AccountBalanceWidget.intentdefinition in Sources */ = {isa = PBXBuildFile; fileRef = CFA1DE682A0C32B20055E3CD /* AccountBalanceWidget.intentdefinition */; };
		CFA1DE6D2A0C32B50055E3CD /* AccountBalanceWidget.intentdefinition in Sources */ = {isa = PBXBuildFile; fileRef = CFA1DE682A0C32B20055E3CD /* AccountBalanceWidget.intentdefinition */; };
		CFA1DE702A0C32B50055E3CD /* BudgetWidgetExtension.appex in Embed Foundation Extensions */ = {isa = PBXBuildFile; fileRef = CFA1DE5B2A0C32B20055E3CD /* BudgetWidgetExtension.appex */; settings = {ATTRIBUTES = (RemoveHeadersOnCopy, ); }; };
		CFB7F5612BBEBFE6009956E9 /* SelectTransactionTypeView.swift in Sources */ = {isa = PBXBuildFile; fileRef = CFB7F5602BBEBFE6009956E9 /* SelectTransactionTypeView.swift */; };
		CFB7F56B2BC0228B009956E9 /* SelectDateView.swift in Sources */ = {isa = PBXBuildFile; fileRef = CFB7F56A2BC0228B009956E9 /* SelectDateView.swift */; };
		CFB7F56E2BC02A47009956E9 /* Date+Extension.swift in Sources */ = {isa = PBXBuildFile; fileRef = CFB7F56D2BC02A47009956E9 /* Date+Extension.swift */; };
		CFB7F5732BC085AD009956E9 /* SelectLocationView.swift in Sources */ = {isa = PBXBuildFile; fileRef = CFB7F5722BC085AD009956E9 /* SelectLocationView.swift */; };
		CFBEE23E2A07F3A000586164 /* TransactionsListView.swift in Sources */ = {isa = PBXBuildFile; fileRef = CFBEE23D2A07F3A000586164 /* TransactionsListView.swift */; };
		CFBEE2412A07F9A000586164 /* AccountsAndCardsListView.swift in Sources */ = {isa = PBXBuildFile; fileRef = CFBEE2402A07F9A000586164 /* AccountsAndCardsListView.swift */; };
		CFBEE2452A080AA700586164 /* String+Extension.swift in Sources */ = {isa = PBXBuildFile; fileRef = CFBEE2442A080AA700586164 /* String+Extension.swift */; };
		CFBEE24A2A081B7100586164 /* LettersIconView.swift in Sources */ = {isa = PBXBuildFile; fileRef = CFBEE2492A081B7100586164 /* LettersIconView.swift */; };
		CFBEE2532A08471100586164 /* PizzaGraphView.swift in Sources */ = {isa = PBXBuildFile; fileRef = CFBEE2522A08471100586164 /* PizzaGraphView.swift */; };
		CFD3ED3D2DBE568F0029AC2F /* FilterView.swift in Sources */ = {isa = PBXBuildFile; fileRef = CFD3ED3C2DBE568A0029AC2F /* FilterView.swift */; };
		CFD3ED4B2DBF131F0029AC2F /* TicketReaderView.swift in Sources */ = {isa = PBXBuildFile; fileRef = CFD3ED4A2DBF131B0029AC2F /* TicketReaderView.swift */; };
		CFD3ED4F2DBFAEEF0029AC2F /* TicketProcessor.swift in Sources */ = {isa = PBXBuildFile; fileRef = CFD3ED4E2DBFAEEF0029AC2F /* TicketProcessor.swift */; };
		CFD3ED542DC2C5E60029AC2F /* TicketReaderViewModel.swift in Sources */ = {isa = PBXBuildFile; fileRef = CFD3ED532DC2C5DE0029AC2F /* TicketReaderViewModel.swift */; };
		CFD3ED562DC2C65D0029AC2F /* CameraController.swift in Sources */ = {isa = PBXBuildFile; fileRef = CFD3ED552DC2C6550029AC2F /* CameraController.swift */; };
		CFD3ED5B2DC57B0F0029AC2F /* Bill.swift in Sources */ = {isa = PBXBuildFile; fileRef = CFD3ED5A2DC57B070029AC2F /* Bill.swift */; };
		CFD3ED5D2DC5920B0029AC2F /* CreditCard.swift in Sources */ = {isa = PBXBuildFile; fileRef = CFD3ED5C2DC592070029AC2F /* CreditCard.swift */; };
		CFD3ED602DC7CF440029AC2F /* EditCreditCardView.swift in Sources */ = {isa = PBXBuildFile; fileRef = CFD3ED5F2DC7CF3E0029AC2F /* EditCreditCardView.swift */; };
		CFD3ED622DC7CF480029AC2F /* EditCreditCardViewModel.swift in Sources */ = {isa = PBXBuildFile; fileRef = CFD3ED612DC7CF470029AC2F /* EditCreditCardViewModel.swift */; };
		CFD3ED642DC833380029AC2F /* CreditCardCellView.swift in Sources */ = {isa = PBXBuildFile; fileRef = CFD3ED632DC8332E0029AC2F /* CreditCardCellView.swift */; };
		CFD3ED672DC977CC0029AC2F /* CardDetailsView.swift in Sources */ = {isa = PBXBuildFile; fileRef = CFD3ED662DC977C20029AC2F /* CardDetailsView.swift */; };
		CFD3ED6B2DC986A30029AC2F /* BillView.swift in Sources */ = {isa = PBXBuildFile; fileRef = CFD3ED6A2DC9869F0029AC2F /* BillView.swift */; };
		CFD3ED6D2DC986CE0029AC2F /* BillCellView.swift in Sources */ = {isa = PBXBuildFile; fileRef = CFD3ED6C2DC986CC0029AC2F /* BillCellView.swift */; };
		CFD3ED6F2DC986D90029AC2F /* InstallmentCellView.swift in Sources */ = {isa = PBXBuildFile; fileRef = CFD3ED6E2DC986D20029AC2F /* InstallmentCellView.swift */; };
		CFD3ED802DCA3E9F0029AC2F /* App.swift in Sources */ = {isa = PBXBuildFile; fileRef = CFD3ED7F2DCA3E9E0029AC2F /* App.swift */; };
		CFD3ED842DCA51490029AC2F /* EditTransactionViewModelTests.swift in Sources */ = {isa = PBXBuildFile; fileRef = CFD3ED812DCA51490029AC2F /* EditTransactionViewModelTests.swift */; };
		CFDC21972BAF094000295432 /* EditTransactionView.swift in Sources */ = {isa = PBXBuildFile; fileRef = CFDC21962BAF094000295432 /* EditTransactionView.swift */; };
		CFDC219E2BAF29AF00295432 /* SelectAccountView.swift in Sources */ = {isa = PBXBuildFile; fileRef = CFDC219D2BAF29AF00295432 /* SelectAccountView.swift */; };
		CFE563522C34C95100F8EA72 /* PreviewData.swift in Sources */ = {isa = PBXBuildFile; fileRef = CFE563512C34C94700F8EA72 /* PreviewData.swift */; };
		CFE563552C3F433B00F8EA72 /* SelectLocationViewModel.swift in Sources */ = {isa = PBXBuildFile; fileRef = CFE563542C3F433400F8EA72 /* SelectLocationViewModel.swift */; };
		CFE563592C3F4F9B00F8EA72 /* CLLocationCoordinate2D+Extension.swift in Sources */ = {isa = PBXBuildFile; fileRef = CFE563582C3F4F9500F8EA72 /* CLLocationCoordinate2D+Extension.swift */; };
		CFE61F0A2CD6E887002B1AA7 /* ConfigurationsView.swift in Sources */ = {isa = PBXBuildFile; fileRef = CFE61F092CD6E87D002B1AA7 /* ConfigurationsView.swift */; };
		CFE6D7BD2BA9277500E76AB8 /* LabeledView.swift in Sources */ = {isa = PBXBuildFile; fileRef = CFE6D7BC2BA9277500E76AB8 /* LabeledView.swift */; };
		CFE6D7BF2BA9B4C000E76AB8 /* Transaction.swift in Sources */ = {isa = PBXBuildFile; fileRef = CFE6D7BE2BA9B4C000E76AB8 /* Transaction.swift */; };
		CFE6D7C02BA9CAE800E76AB8 /* Spacing.swift in Sources */ = {isa = PBXBuildFile; fileRef = CF44BE322A0FB55A0006019F /* Spacing.swift */; };
		CFF292A62A13B8FE00C1A66A /* EditCategoryView.swift in Sources */ = {isa = PBXBuildFile; fileRef = CFF292A52A13B8FE00C1A66A /* EditCategoryView.swift */; };
		CFF292A82A13B93F00C1A66A /* EditAccountView.swift in Sources */ = {isa = PBXBuildFile; fileRef = CFF292A72A13B93F00C1A66A /* EditAccountView.swift */; };
/* End PBXBuildFile section */

/* Begin PBXContainerItemProxy section */
		CFA1DE6E2A0C32B50055E3CD /* PBXContainerItemProxy */ = {
			isa = PBXContainerItemProxy;
			containerPortal = CF2CB0992A06F8D600CBA434 /* Project object */;
			proxyType = 1;
			remoteGlobalIDString = CFA1DE5A2A0C32B20055E3CD;
			remoteInfo = BudgetWidgetExtension;
		};
		CFD3ED782DCA3D2E0029AC2F /* PBXContainerItemProxy */ = {
			isa = PBXContainerItemProxy;
			containerPortal = CF2CB0992A06F8D600CBA434 /* Project object */;
			proxyType = 1;
			remoteGlobalIDString = CF2CB0A02A06F8D600CBA434;
			remoteInfo = Persimmon;
		};
/* End PBXContainerItemProxy section */

/* Begin PBXCopyFilesBuildPhase section */
		CFA1DE742A0C32B50055E3CD /* Embed Foundation Extensions */ = {
			isa = PBXCopyFilesBuildPhase;
			buildActionMask = 2147483647;
			dstPath = "";
			dstSubfolderSpec = 13;
			files = (
				CFA1DE702A0C32B50055E3CD /* BudgetWidgetExtension.appex in Embed Foundation Extensions */,
			);
			name = "Embed Foundation Extensions";
			runOnlyForDeploymentPostprocessing = 0;
		};
/* End PBXCopyFilesBuildPhase section */

/* Begin PBXFileReference section */
		CF0289F22D9DAD04008E53DC /* PhotosPickerItem+Extension.swift */ = {isa = PBXFileReference; lastKnownFileType = sourcecode.swift; path = "PhotosPickerItem+Extension.swift"; sourceTree = "<group>"; };
		CF15B3402BAB048A00E8E050 /* AccountDetailsView.swift */ = {isa = PBXFileReference; lastKnownFileType = sourcecode.swift; path = AccountDetailsView.swift; sourceTree = "<group>"; };
		CF15B3492BAC3D1200E8E050 /* NavigationToolbarView.swift */ = {isa = PBXFileReference; lastKnownFileType = sourcecode.swift; path = NavigationToolbarView.swift; sourceTree = "<group>"; };
		CF15B34E2BACE84F00E8E050 /* AccountCellView.swift */ = {isa = PBXFileReference; lastKnownFileType = sourcecode.swift; path = AccountCellView.swift; sourceTree = "<group>"; };
		CF15B3522BACEBC500E8E050 /* Double+Extension.swift */ = {isa = PBXFileReference; lastKnownFileType = sourcecode.swift; path = "Double+Extension.swift"; sourceTree = "<group>"; };
		CF15B35B2BAE006600E8E050 /* TransactionDetailsView.swift */ = {isa = PBXFileReference; lastKnownFileType = sourcecode.swift; path = TransactionDetailsView.swift; sourceTree = "<group>"; };
		CF15B3602BAE5BD600E8E050 /* TransactionCellView.swift */ = {isa = PBXFileReference; lastKnownFileType = sourcecode.swift; path = TransactionCellView.swift; sourceTree = "<group>"; };
		CF23009F2D145EAF00B52746 /* LaunchScreen.storyboard */ = {isa = PBXFileReference; lastKnownFileType = file.storyboard; path = LaunchScreen.storyboard; sourceTree = "<group>"; };
		CF2300A22D147C6000B52746 /* HomeView.swift */ = {isa = PBXFileReference; lastKnownFileType = sourcecode.swift; path = HomeView.swift; sourceTree = "<group>"; };
		CF2CB0A12A06F8D600CBA434 /* Persimmon.app */ = {isa = PBXFileReference; explicitFileType = wrapper.application; includeInIndex = 0; path = Persimmon.app; sourceTree = BUILT_PRODUCTS_DIR; };
		CF2CB0A42A06F8D600CBA434 /* ModelContainer+Extension.swift */ = {isa = PBXFileReference; lastKnownFileType = sourcecode.swift; path = "ModelContainer+Extension.swift"; sourceTree = "<group>"; };
		CF2CB0A82A06F8D900CBA434 /* Assets.xcassets */ = {isa = PBXFileReference; lastKnownFileType = folder.assetcatalog; path = Assets.xcassets; sourceTree = "<group>"; };
		CF2CB0AB2A06F8D900CBA434 /* Preview Assets.xcassets */ = {isa = PBXFileReference; lastKnownFileType = folder.assetcatalog; path = "Preview Assets.xcassets"; sourceTree = "<group>"; };
		CF2CB0BA2A06FC3E00CBA434 /* ContainerView.swift */ = {isa = PBXFileReference; lastKnownFileType = sourcecode.swift; path = ContainerView.swift; sourceTree = "<group>"; };
		CF2CB0BF2A06FD9700CBA434 /* Color+Extension.swift */ = {isa = PBXFileReference; lastKnownFileType = sourcecode.swift; path = "Color+Extension.swift"; sourceTree = "<group>"; };
		CF3116F02A14438600171A4D /* Account.swift */ = {isa = PBXFileReference; lastKnownFileType = sourcecode.swift; path = Account.swift; sourceTree = "<group>"; };
		CF44BE302A0FB5000006019F /* Color.swift */ = {isa = PBXFileReference; lastKnownFileType = sourcecode.swift; path = Color.swift; sourceTree = "<group>"; };
		CF44BE322A0FB55A0006019F /* Spacing.swift */ = {isa = PBXFileReference; lastKnownFileType = sourcecode.swift; path = Spacing.swift; sourceTree = "<group>"; };
		CF5746372D22BE2C007CC196 /* AccountData.swift */ = {isa = PBXFileReference; lastKnownFileType = sourcecode.swift; path = AccountData.swift; sourceTree = "<group>"; };
		CF57463E2D240007007CC196 /* AccountBalanceProvider.swift */ = {isa = PBXFileReference; lastKnownFileType = sourcecode.swift; path = AccountBalanceProvider.swift; sourceTree = "<group>"; };
		CF5746402D24114D007CC196 /* Persimmon.entitlements */ = {isa = PBXFileReference; lastKnownFileType = text.plist.entitlements; path = Persimmon.entitlements; sourceTree = "<group>"; };
		CF72A07E2BB9FB9900E0FDB1 /* CurrencyTextField.swift */ = {isa = PBXFileReference; lastKnownFileType = sourcecode.swift; path = CurrencyTextField.swift; sourceTree = "<group>"; };
		CF7A80482A0DAC580067F5A8 /* CategoriesListView.swift */ = {isa = PBXFileReference; lastKnownFileType = sourcecode.swift; path = CategoriesListView.swift; sourceTree = "<group>"; };
		CF7A804E2A0DBAE20067F5A8 /* ImageIconView.swift */ = {isa = PBXFileReference; lastKnownFileType = sourcecode.swift; path = ImageIconView.swift; sourceTree = "<group>"; };
		CF8104512C037BE4009599B8 /* ProcessInfo+Extension.swift */ = {isa = PBXFileReference; lastKnownFileType = sourcecode.swift; path = "ProcessInfo+Extension.swift"; sourceTree = "<group>"; };
		CF82EC642D982D01002F875A /* TransactionsListViewModel.swift */ = {isa = PBXFileReference; lastKnownFileType = sourcecode.swift; path = TransactionsListViewModel.swift; sourceTree = "<group>"; };
		CF95BC152C566EE900C8C1CE /* Category.swift */ = {isa = PBXFileReference; lastKnownFileType = sourcecode.swift; path = Category.swift; sourceTree = "<group>"; };
		CF95BC192C5675DE00C8C1CE /* NiceIconPicker.swift */ = {isa = PBXFileReference; lastKnownFileType = sourcecode.swift; path = NiceIconPicker.swift; sourceTree = "<group>"; };
		CF95BC1B2C57C54D00C8C1CE /* CategoryCellView.swift */ = {isa = PBXFileReference; lastKnownFileType = sourcecode.swift; path = CategoryCellView.swift; sourceTree = "<group>"; };
		CF95BC1E2C58188600C8C1CE /* CategoryDetails.swift */ = {isa = PBXFileReference; lastKnownFileType = sourcecode.swift; path = CategoryDetails.swift; sourceTree = "<group>"; };
		CF95BC212C581C0C00C8C1CE /* SelectCategoryView.swift */ = {isa = PBXFileReference; lastKnownFileType = sourcecode.swift; path = SelectCategoryView.swift; sourceTree = "<group>"; };
		CF9D2A712A09967F0003DC39 /* NiceColorPicker.swift */ = {isa = PBXFileReference; lastKnownFileType = sourcecode.swift; path = NiceColorPicker.swift; sourceTree = "<group>"; };
		CF9DA59E2D170B180061056F /* BarsGraphView.swift */ = {isa = PBXFileReference; lastKnownFileType = sourcecode.swift; path = BarsGraphView.swift; sourceTree = "<group>"; };
		CF9DA5A12D1715AC0061056F /* GraphItem.swift */ = {isa = PBXFileReference; lastKnownFileType = sourcecode.swift; path = GraphItem.swift; sourceTree = "<group>"; };
		CF9DA5AA2D171FCE0061056F /* CategoryExpensesView.swift */ = {isa = PBXFileReference; lastKnownFileType = sourcecode.swift; path = CategoryExpensesView.swift; sourceTree = "<group>"; };
		CF9DA5AC2D171FD40061056F /* AccountsBalancesView.swift */ = {isa = PBXFileReference; lastKnownFileType = sourcecode.swift; path = AccountsBalancesView.swift; sourceTree = "<group>"; };
		CF9DA5AE2D17B0010061056F /* Installment.swift */ = {isa = PBXFileReference; lastKnownFileType = sourcecode.swift; path = Installment.swift; sourceTree = "<group>"; };
		CF9DA5B02D1839210061056F /* EditTransactionViewModel.swift */ = {isa = PBXFileReference; lastKnownFileType = sourcecode.swift; path = EditTransactionViewModel.swift; sourceTree = "<group>"; };
		CFA1DE5B2A0C32B20055E3CD /* BudgetWidgetExtension.appex */ = {isa = PBXFileReference; explicitFileType = "wrapper.app-extension"; includeInIndex = 0; path = BudgetWidgetExtension.appex; sourceTree = BUILT_PRODUCTS_DIR; };
		CFA1DE5D2A0C32B20055E3CD /* WidgetKit.framework */ = {isa = PBXFileReference; lastKnownFileType = wrapper.framework; name = WidgetKit.framework; path = System/Library/Frameworks/WidgetKit.framework; sourceTree = SDKROOT; };
		CFA1DE5F2A0C32B20055E3CD /* SwiftUI.framework */ = {isa = PBXFileReference; lastKnownFileType = wrapper.framework; name = SwiftUI.framework; path = System/Library/Frameworks/SwiftUI.framework; sourceTree = SDKROOT; };
		CFA1DE662A0C32B20055E3CD /* AccountBalanceWidget.swift */ = {isa = PBXFileReference; lastKnownFileType = sourcecode.swift; path = AccountBalanceWidget.swift; sourceTree = "<group>"; };
		CFA1DE682A0C32B20055E3CD /* AccountBalanceWidget.intentdefinition */ = {isa = PBXFileReference; lastKnownFileType = file.intentdefinition; path = AccountBalanceWidget.intentdefinition; sourceTree = "<group>"; };
		CFA1DE692A0C32B50055E3CD /* Assets.xcassets */ = {isa = PBXFileReference; lastKnownFileType = folder.assetcatalog; path = Assets.xcassets; sourceTree = "<group>"; };
		CFA1DE6B2A0C32B50055E3CD /* Info.plist */ = {isa = PBXFileReference; lastKnownFileType = text.plist.xml; path = Info.plist; sourceTree = "<group>"; };
		CFB7F5602BBEBFE6009956E9 /* SelectTransactionTypeView.swift */ = {isa = PBXFileReference; lastKnownFileType = sourcecode.swift; path = SelectTransactionTypeView.swift; sourceTree = "<group>"; };
		CFB7F56A2BC0228B009956E9 /* SelectDateView.swift */ = {isa = PBXFileReference; lastKnownFileType = sourcecode.swift; path = SelectDateView.swift; sourceTree = "<group>"; };
		CFB7F56D2BC02A47009956E9 /* Date+Extension.swift */ = {isa = PBXFileReference; lastKnownFileType = sourcecode.swift; path = "Date+Extension.swift"; sourceTree = "<group>"; };
		CFB7F56F2BC0517B009956E9 /* Info.plist */ = {isa = PBXFileReference; lastKnownFileType = text.plist; path = Info.plist; sourceTree = "<group>"; };
		CFB7F5722BC085AD009956E9 /* SelectLocationView.swift */ = {isa = PBXFileReference; lastKnownFileType = sourcecode.swift; path = SelectLocationView.swift; sourceTree = "<group>"; };
		CFBEE23D2A07F3A000586164 /* TransactionsListView.swift */ = {isa = PBXFileReference; lastKnownFileType = sourcecode.swift; path = TransactionsListView.swift; sourceTree = "<group>"; };
		CFBEE2402A07F9A000586164 /* AccountsAndCardsListView.swift */ = {isa = PBXFileReference; lastKnownFileType = sourcecode.swift; path = AccountsAndCardsListView.swift; sourceTree = "<group>"; };
		CFBEE2442A080AA700586164 /* String+Extension.swift */ = {isa = PBXFileReference; lastKnownFileType = sourcecode.swift; path = "String+Extension.swift"; sourceTree = "<group>"; };
		CFBEE2492A081B7100586164 /* LettersIconView.swift */ = {isa = PBXFileReference; lastKnownFileType = sourcecode.swift; path = LettersIconView.swift; sourceTree = "<group>"; };
		CFBEE2522A08471100586164 /* PizzaGraphView.swift */ = {isa = PBXFileReference; lastKnownFileType = sourcecode.swift; path = PizzaGraphView.swift; sourceTree = "<group>"; };
		CFD3ED3C2DBE568A0029AC2F /* FilterView.swift */ = {isa = PBXFileReference; lastKnownFileType = sourcecode.swift; path = FilterView.swift; sourceTree = "<group>"; };
		CFD3ED4A2DBF131B0029AC2F /* TicketReaderView.swift */ = {isa = PBXFileReference; lastKnownFileType = sourcecode.swift; path = TicketReaderView.swift; sourceTree = "<group>"; };
		CFD3ED4E2DBFAEEF0029AC2F /* TicketProcessor.swift */ = {isa = PBXFileReference; lastKnownFileType = sourcecode.swift; path = TicketProcessor.swift; sourceTree = "<group>"; };
		CFD3ED532DC2C5DE0029AC2F /* TicketReaderViewModel.swift */ = {isa = PBXFileReference; lastKnownFileType = sourcecode.swift; path = TicketReaderViewModel.swift; sourceTree = "<group>"; };
		CFD3ED552DC2C6550029AC2F /* CameraController.swift */ = {isa = PBXFileReference; lastKnownFileType = sourcecode.swift; path = CameraController.swift; sourceTree = "<group>"; };
		CFD3ED5A2DC57B070029AC2F /* Bill.swift */ = {isa = PBXFileReference; lastKnownFileType = sourcecode.swift; path = Bill.swift; sourceTree = "<group>"; };
		CFD3ED5C2DC592070029AC2F /* CreditCard.swift */ = {isa = PBXFileReference; lastKnownFileType = sourcecode.swift; path = CreditCard.swift; sourceTree = "<group>"; };
		CFD3ED5F2DC7CF3E0029AC2F /* EditCreditCardView.swift */ = {isa = PBXFileReference; lastKnownFileType = sourcecode.swift; path = EditCreditCardView.swift; sourceTree = "<group>"; };
		CFD3ED612DC7CF470029AC2F /* EditCreditCardViewModel.swift */ = {isa = PBXFileReference; lastKnownFileType = sourcecode.swift; path = EditCreditCardViewModel.swift; sourceTree = "<group>"; };
		CFD3ED632DC8332E0029AC2F /* CreditCardCellView.swift */ = {isa = PBXFileReference; lastKnownFileType = sourcecode.swift; path = CreditCardCellView.swift; sourceTree = "<group>"; };
		CFD3ED662DC977C20029AC2F /* CardDetailsView.swift */ = {isa = PBXFileReference; lastKnownFileType = sourcecode.swift; path = CardDetailsView.swift; sourceTree = "<group>"; };
		CFD3ED6A2DC9869F0029AC2F /* BillView.swift */ = {isa = PBXFileReference; lastKnownFileType = sourcecode.swift; path = BillView.swift; sourceTree = "<group>"; };
		CFD3ED6C2DC986CC0029AC2F /* BillCellView.swift */ = {isa = PBXFileReference; lastKnownFileType = sourcecode.swift; path = BillCellView.swift; sourceTree = "<group>"; };
		CFD3ED6E2DC986D20029AC2F /* InstallmentCellView.swift */ = {isa = PBXFileReference; lastKnownFileType = sourcecode.swift; path = InstallmentCellView.swift; sourceTree = "<group>"; };
		CFD3ED742DCA3D2E0029AC2F /* PersimmonTests.xctest */ = {isa = PBXFileReference; explicitFileType = wrapper.cfbundle; includeInIndex = 0; path = PersimmonTests.xctest; sourceTree = BUILT_PRODUCTS_DIR; };
		CFD3ED7F2DCA3E9E0029AC2F /* App.swift */ = {isa = PBXFileReference; lastKnownFileType = sourcecode.swift; path = App.swift; sourceTree = "<group>"; };
		CFD3ED812DCA51490029AC2F /* EditTransactionViewModelTests.swift */ = {isa = PBXFileReference; lastKnownFileType = sourcecode.swift; path = EditTransactionViewModelTests.swift; sourceTree = "<group>"; };
		CFDC21962BAF094000295432 /* EditTransactionView.swift */ = {isa = PBXFileReference; lastKnownFileType = sourcecode.swift; path = EditTransactionView.swift; sourceTree = "<group>"; };
		CFDC219D2BAF29AF00295432 /* SelectAccountView.swift */ = {isa = PBXFileReference; lastKnownFileType = sourcecode.swift; path = SelectAccountView.swift; sourceTree = "<group>"; };
		CFE563512C34C94700F8EA72 /* PreviewData.swift */ = {isa = PBXFileReference; lastKnownFileType = sourcecode.swift; path = PreviewData.swift; sourceTree = "<group>"; };
		CFE563542C3F433400F8EA72 /* SelectLocationViewModel.swift */ = {isa = PBXFileReference; lastKnownFileType = sourcecode.swift; path = SelectLocationViewModel.swift; sourceTree = "<group>"; };
		CFE563582C3F4F9500F8EA72 /* CLLocationCoordinate2D+Extension.swift */ = {isa = PBXFileReference; lastKnownFileType = sourcecode.swift; path = "CLLocationCoordinate2D+Extension.swift"; sourceTree = "<group>"; };
		CFE61F092CD6E87D002B1AA7 /* ConfigurationsView.swift */ = {isa = PBXFileReference; lastKnownFileType = sourcecode.swift; path = ConfigurationsView.swift; sourceTree = "<group>"; };
		CFE6D7BC2BA9277500E76AB8 /* LabeledView.swift */ = {isa = PBXFileReference; lastKnownFileType = sourcecode.swift; path = LabeledView.swift; sourceTree = "<group>"; };
		CFE6D7BE2BA9B4C000E76AB8 /* Transaction.swift */ = {isa = PBXFileReference; lastKnownFileType = sourcecode.swift; path = Transaction.swift; sourceTree = "<group>"; };
		CFF292A52A13B8FE00C1A66A /* EditCategoryView.swift */ = {isa = PBXFileReference; lastKnownFileType = sourcecode.swift; path = EditCategoryView.swift; sourceTree = "<group>"; };
		CFF292A72A13B93F00C1A66A /* EditAccountView.swift */ = {isa = PBXFileReference; lastKnownFileType = sourcecode.swift; path = EditAccountView.swift; sourceTree = "<group>"; };
/* End PBXFileReference section */

/* Begin PBXFrameworksBuildPhase section */
		CF2CB09E2A06F8D600CBA434 /* Frameworks */ = {
			isa = PBXFrameworksBuildPhase;
			buildActionMask = 2147483647;
			files = (
			);
			runOnlyForDeploymentPostprocessing = 0;
		};
		CFA1DE582A0C32B20055E3CD /* Frameworks */ = {
			isa = PBXFrameworksBuildPhase;
			buildActionMask = 2147483647;
			files = (
				CFA1DE602A0C32B20055E3CD /* SwiftUI.framework in Frameworks */,
				CFA1DE5E2A0C32B20055E3CD /* WidgetKit.framework in Frameworks */,
			);
			runOnlyForDeploymentPostprocessing = 0;
		};
		CFD3ED712DCA3D2E0029AC2F /* Frameworks */ = {
			isa = PBXFrameworksBuildPhase;
			buildActionMask = 2147483647;
			files = (
			);
			runOnlyForDeploymentPostprocessing = 0;
		};
/* End PBXFrameworksBuildPhase section */

/* Begin PBXGroup section */
		CF15B33F2BAB047600E8E050 /* Account Details */ = {
			isa = PBXGroup;
			children = (
				CF15B3402BAB048A00E8E050 /* AccountDetailsView.swift */,
			);
			path = "Account Details";
			sourceTree = "<group>";
		};
		CF15B3572BAE004500E8E050 /* Transactions List */ = {
			isa = PBXGroup;
			children = (
				CFD3ED3C2DBE568A0029AC2F /* FilterView.swift */,
				CF82EC642D982D01002F875A /* TransactionsListViewModel.swift */,
				CF15B3602BAE5BD600E8E050 /* TransactionCellView.swift */,
				CFBEE23D2A07F3A000586164 /* TransactionsListView.swift */,
			);
			path = "Transactions List";
			sourceTree = "<group>";
		};
		CF15B3582BAE004E00E8E050 /* Transaction Details */ = {
			isa = PBXGroup;
			children = (
				CF15B35B2BAE006600E8E050 /* TransactionDetailsView.swift */,
			);
			path = "Transaction Details";
			sourceTree = "<group>";
		};
		CF2300A12D147C4600B52746 /* Home */ = {
			isa = PBXGroup;
			children = (
				CF2300A22D147C6000B52746 /* HomeView.swift */,
				CF9DA5AC2D171FD40061056F /* AccountsBalancesView.swift */,
				CF9DA5AA2D171FCE0061056F /* CategoryExpensesView.swift */,
			);
			path = Home;
			sourceTree = "<group>";
		};
		CF2CB0982A06F8D600CBA434 = {
			isa = PBXGroup;
			children = (
				CF2CB0A32A06F8D600CBA434 /* Persimmon */,
				CF2CB0AA2A06F8D900CBA434 /* Preview Content */,
				CFA1DE612A0C32B20055E3CD /* BudgetWidget */,
				CFD3ED832DCA51490029AC2F /* PersimmonTests */,
				CFA1DE5C2A0C32B20055E3CD /* Frameworks */,
				CF2CB0A22A06F8D600CBA434 /* Products */,
			);
			sourceTree = "<group>";
		};
		CF2CB0A22A06F8D600CBA434 /* Products */ = {
			isa = PBXGroup;
			children = (
				CF2CB0A12A06F8D600CBA434 /* Persimmon.app */,
				CFA1DE5B2A0C32B20055E3CD /* BudgetWidgetExtension.appex */,
				CFD3ED742DCA3D2E0029AC2F /* PersimmonTests.xctest */,
			);
			name = Products;
			sourceTree = "<group>";
		};
		CF2CB0A32A06F8D600CBA434 /* Persimmon */ = {
			isa = PBXGroup;
			children = (
				CFD3ED7F2DCA3E9E0029AC2F /* App.swift */,
				CF5746402D24114D007CC196 /* Persimmon.entitlements */,
				CF2CB0A82A06F8D900CBA434 /* Assets.xcassets */,
				CFB7F56F2BC0517B009956E9 /* Info.plist */,
				CF23009F2D145EAF00B52746 /* LaunchScreen.storyboard */,
				CF3116EF2A14437B00171A4D /* Model */,
				CFBEE24D2A08449000586164 /* Views */,
				CFA1DE4F2A0BCA340055E3CD /* Design System */,
				CF2CB0B92A06FC2200CBA434 /* Extensions */,
			);
			path = Persimmon;
			sourceTree = "<group>";
		};
		CF2CB0AA2A06F8D900CBA434 /* Preview Content */ = {
			isa = PBXGroup;
			children = (
				CF2CB0AB2A06F8D900CBA434 /* Preview Assets.xcassets */,
				CFE563512C34C94700F8EA72 /* PreviewData.swift */,
			);
			path = "Preview Content";
			sourceTree = "<group>";
		};
		CF2CB0B52A06FBCC00CBA434 /* Transaction */ = {
			isa = PBXGroup;
			children = (
				CFDC21952BAF08B600295432 /* Edit Transaction */,
				CF15B3582BAE004E00E8E050 /* Transaction Details */,
				CF15B3572BAE004500E8E050 /* Transactions List */,
				CFD3ED522DC2C5BC0029AC2F /* TicketReader */,
			);
			path = Transaction;
			sourceTree = "<group>";
		};
		CF2CB0B92A06FC2200CBA434 /* Extensions */ = {
			isa = PBXGroup;
			children = (
				CF2CB0A42A06F8D600CBA434 /* ModelContainer+Extension.swift */,
				CF0289F22D9DAD04008E53DC /* PhotosPickerItem+Extension.swift */,
				CFE563582C3F4F9500F8EA72 /* CLLocationCoordinate2D+Extension.swift */,
				CF2CB0BF2A06FD9700CBA434 /* Color+Extension.swift */,
				CFBEE2442A080AA700586164 /* String+Extension.swift */,
				CF15B3522BACEBC500E8E050 /* Double+Extension.swift */,
				CFB7F56D2BC02A47009956E9 /* Date+Extension.swift */,
				CF8104512C037BE4009599B8 /* ProcessInfo+Extension.swift */,
			);
			path = Extensions;
			sourceTree = "<group>";
		};
		CF3116EF2A14437B00171A4D /* Model */ = {
			isa = PBXGroup;
			children = (
				CFD3ED5C2DC592070029AC2F /* CreditCard.swift */,
				CFD3ED5A2DC57B070029AC2F /* Bill.swift */,
				CF9DA5AE2D17B0010061056F /* Installment.swift */,
				CF3116F02A14438600171A4D /* Account.swift */,
				CF95BC152C566EE900C8C1CE /* Category.swift */,
				CFE6D7BE2BA9B4C000E76AB8 /* Transaction.swift */,
			);
			path = Model;
			sourceTree = "<group>";
		};
		CF5746362D22BE25007CC196 /* Model */ = {
			isa = PBXGroup;
			children = (
				CF5746372D22BE2C007CC196 /* AccountData.swift */,
			);
			path = Model;
			sourceTree = "<group>";
		};
		CF57463D2D23FF71007CC196 /* Providers */ = {
			isa = PBXGroup;
			children = (
				CF57463E2D240007007CC196 /* AccountBalanceProvider.swift */,
			);
			path = Providers;
			sourceTree = "<group>";
		};
		CF7A80472A0DAC480067F5A8 /* Category */ = {
			isa = PBXGroup;
			children = (
				CF95BC1D2C58187100C8C1CE /* Category Details */,
				CF95BC172C56705A00C8C1CE /* Categories List */,
				CF95BC182C56745300C8C1CE /* Edit Category */,
			);
			path = Category;
			sourceTree = "<group>";
		};
		CF95BC172C56705A00C8C1CE /* Categories List */ = {
			isa = PBXGroup;
			children = (
				CF95BC1B2C57C54D00C8C1CE /* CategoryCellView.swift */,
				CF7A80482A0DAC580067F5A8 /* CategoriesListView.swift */,
			);
			path = "Categories List";
			sourceTree = "<group>";
		};
		CF95BC182C56745300C8C1CE /* Edit Category */ = {
			isa = PBXGroup;
			children = (
				CFF292A52A13B8FE00C1A66A /* EditCategoryView.swift */,
			);
			path = "Edit Category";
			sourceTree = "<group>";
		};
		CF95BC1D2C58187100C8C1CE /* Category Details */ = {
			isa = PBXGroup;
			children = (
				CF95BC1E2C58188600C8C1CE /* CategoryDetails.swift */,
			);
			path = "Category Details";
			sourceTree = "<group>";
		};
		CF9DA59A2D170AB70061056F /* Graphics */ = {
			isa = PBXGroup;
			children = (
				CF9DA5A12D1715AC0061056F /* GraphItem.swift */,
				CF9DA59E2D170B180061056F /* BarsGraphView.swift */,
				CFBEE2522A08471100586164 /* PizzaGraphView.swift */,
			);
			path = Graphics;
			sourceTree = "<group>";
		};
		CFA1DE4F2A0BCA340055E3CD /* Design System */ = {
			isa = PBXGroup;
			children = (
				CFBEE24B2A081DFC00586164 /* Components */,
				CF44BE302A0FB5000006019F /* Color.swift */,
				CF44BE322A0FB55A0006019F /* Spacing.swift */,
			);
			path = "Design System";
			sourceTree = "<group>";
		};
		CFA1DE5C2A0C32B20055E3CD /* Frameworks */ = {
			isa = PBXGroup;
			children = (
				CFA1DE5D2A0C32B20055E3CD /* WidgetKit.framework */,
				CFA1DE5F2A0C32B20055E3CD /* SwiftUI.framework */,
			);
			name = Frameworks;
			sourceTree = "<group>";
		};
		CFA1DE612A0C32B20055E3CD /* BudgetWidget */ = {
			isa = PBXGroup;
			children = (
				CF57463D2D23FF71007CC196 /* Providers */,
				CF5746362D22BE25007CC196 /* Model */,
				CFA1DE662A0C32B20055E3CD /* AccountBalanceWidget.swift */,
				CFA1DE682A0C32B20055E3CD /* AccountBalanceWidget.intentdefinition */,
				CFA1DE692A0C32B50055E3CD /* Assets.xcassets */,
				CFA1DE6B2A0C32B50055E3CD /* Info.plist */,
			);
			path = BudgetWidget;
			sourceTree = "<group>";
		};
		CFB7F5782BC0AE17009956E9 /* Location */ = {
			isa = PBXGroup;
			children = (
				CFE563542C3F433400F8EA72 /* SelectLocationViewModel.swift */,
				CFB7F5722BC085AD009956E9 /* SelectLocationView.swift */,
			);
			path = Location;
			sourceTree = "<group>";
		};
		CFBEE23F2A07F98E00586164 /* Account */ = {
			isa = PBXGroup;
			children = (
				CFD3ED682DC986860029AC2F /* Credit Card */,
				CF15B33F2BAB047600E8E050 /* Account Details */,
				CFE6D7B82BA62D0400E76AB8 /* Accounts List */,
				CFE6D7B92BA62D0D00E76AB8 /* Edit Account */,
			);
			path = Account;
			sourceTree = "<group>";
		};
		CFBEE24B2A081DFC00586164 /* Components */ = {
			isa = PBXGroup;
			children = (
				CF9DA59A2D170AB70061056F /* Graphics */,
				CFB7F56A2BC0228B009956E9 /* SelectDateView.swift */,
				CFBEE2492A081B7100586164 /* LettersIconView.swift */,
				CF9D2A712A09967F0003DC39 /* NiceColorPicker.swift */,
				CF7A804E2A0DBAE20067F5A8 /* ImageIconView.swift */,
				CFE6D7BC2BA9277500E76AB8 /* LabeledView.swift */,
				CF15B3492BAC3D1200E8E050 /* NavigationToolbarView.swift */,
				CF72A07E2BB9FB9900E0FDB1 /* CurrencyTextField.swift */,
				CF95BC192C5675DE00C8C1CE /* NiceIconPicker.swift */,
			);
			path = Components;
			sourceTree = "<group>";
		};
		CFBEE24D2A08449000586164 /* Views */ = {
			isa = PBXGroup;
			children = (
				CF2CB0BA2A06FC3E00CBA434 /* ContainerView.swift */,
				CF2300A12D147C4600B52746 /* Home */,
				CFB7F5782BC0AE17009956E9 /* Location */,
				CF2CB0B52A06FBCC00CBA434 /* Transaction */,
				CFBEE23F2A07F98E00586164 /* Account */,
				CFE61F082CD6E872002B1AA7 /* Configurations */,
				CF7A80472A0DAC480067F5A8 /* Category */,
			);
			path = Views;
			sourceTree = "<group>";
		};
		CFD3ED522DC2C5BC0029AC2F /* TicketReader */ = {
			isa = PBXGroup;
			children = (
				CFD3ED4E2DBFAEEF0029AC2F /* TicketProcessor.swift */,
				CFD3ED552DC2C6550029AC2F /* CameraController.swift */,
				CFD3ED532DC2C5DE0029AC2F /* TicketReaderViewModel.swift */,
				CFD3ED4A2DBF131B0029AC2F /* TicketReaderView.swift */,
			);
			path = TicketReader;
			sourceTree = "<group>";
		};
		CFD3ED5E2DC7CF340029AC2F /* EditCreditCard */ = {
			isa = PBXGroup;
			children = (
				CFD3ED612DC7CF470029AC2F /* EditCreditCardViewModel.swift */,
				CFD3ED5F2DC7CF3E0029AC2F /* EditCreditCardView.swift */,
			);
			path = EditCreditCard;
			sourceTree = "<group>";
		};
		CFD3ED652DC977BA0029AC2F /* CreditCardDetails */ = {
			isa = PBXGroup;
			children = (
				CFD3ED6C2DC986CC0029AC2F /* BillCellView.swift */,
				CFD3ED662DC977C20029AC2F /* CardDetailsView.swift */,
			);
			path = CreditCardDetails;
			sourceTree = "<group>";
		};
		CFD3ED682DC986860029AC2F /* Credit Card */ = {
			isa = PBXGroup;
			children = (
				CFD3ED692DC986990029AC2F /* Bill */,
				CFD3ED652DC977BA0029AC2F /* CreditCardDetails */,
				CFD3ED5E2DC7CF340029AC2F /* EditCreditCard */,
			);
			path = "Credit Card";
			sourceTree = "<group>";
		};
		CFD3ED692DC986990029AC2F /* Bill */ = {
			isa = PBXGroup;
			children = (
				CFD3ED6E2DC986D20029AC2F /* InstallmentCellView.swift */,
				CFD3ED6A2DC9869F0029AC2F /* BillView.swift */,
			);
			path = Bill;
			sourceTree = "<group>";
		};
		CFD3ED832DCA51490029AC2F /* PersimmonTests */ = {
			isa = PBXGroup;
			children = (
				CFD3ED812DCA51490029AC2F /* EditTransactionViewModelTests.swift */,
			);
			path = PersimmonTests;
			sourceTree = "<group>";
		};
		CFDC21952BAF08B600295432 /* Edit Transaction */ = {
			isa = PBXGroup;
			children = (
				CFDC21962BAF094000295432 /* EditTransactionView.swift */,
				CF9DA5B02D1839210061056F /* EditTransactionViewModel.swift */,
				CF95BC212C581C0C00C8C1CE /* SelectCategoryView.swift */,
				CFDC219D2BAF29AF00295432 /* SelectAccountView.swift */,
				CFB7F5602BBEBFE6009956E9 /* SelectTransactionTypeView.swift */,
			);
			path = "Edit Transaction";
			sourceTree = "<group>";
		};
		CFE61F082CD6E872002B1AA7 /* Configurations */ = {
			isa = PBXGroup;
			children = (
				CFE61F092CD6E87D002B1AA7 /* ConfigurationsView.swift */,
			);
			path = Configurations;
			sourceTree = "<group>";
		};
		CFE6D7B82BA62D0400E76AB8 /* Accounts List */ = {
			isa = PBXGroup;
			children = (
				CFD3ED632DC8332E0029AC2F /* CreditCardCellView.swift */,
				CF15B34E2BACE84F00E8E050 /* AccountCellView.swift */,
				CFBEE2402A07F9A000586164 /* AccountsAndCardsListView.swift */,
			);
			path = "Accounts List";
			sourceTree = "<group>";
		};
		CFE6D7B92BA62D0D00E76AB8 /* Edit Account */ = {
			isa = PBXGroup;
			children = (
				CFF292A72A13B93F00C1A66A /* EditAccountView.swift */,
			);
			path = "Edit Account";
			sourceTree = "<group>";
		};
/* End PBXGroup section */

/* Begin PBXNativeTarget section */
		CF2CB0A02A06F8D600CBA434 /* Persimmon */ = {
			isa = PBXNativeTarget;
			buildConfigurationList = CF2CB0AF2A06F8D900CBA434 /* Build configuration list for PBXNativeTarget "Persimmon" */;
			buildPhases = (
				CF2CB09D2A06F8D600CBA434 /* Sources */,
				CF2CB09E2A06F8D600CBA434 /* Frameworks */,
				CF2CB09F2A06F8D600CBA434 /* Resources */,
				CFA1DE742A0C32B50055E3CD /* Embed Foundation Extensions */,
			);
			buildRules = (
			);
			dependencies = (
				CFA1DE6F2A0C32B50055E3CD /* PBXTargetDependency */,
			);
			name = Persimmon;
			productName = Persimmon;
			productReference = CF2CB0A12A06F8D600CBA434 /* Persimmon.app */;
			productType = "com.apple.product-type.application";
		};
		CFA1DE5A2A0C32B20055E3CD /* BudgetWidgetExtension */ = {
			isa = PBXNativeTarget;
			buildConfigurationList = CFA1DE712A0C32B50055E3CD /* Build configuration list for PBXNativeTarget "BudgetWidgetExtension" */;
			buildPhases = (
				CFA1DE572A0C32B20055E3CD /* Sources */,
				CFA1DE582A0C32B20055E3CD /* Frameworks */,
				CFA1DE592A0C32B20055E3CD /* Resources */,
			);
			buildRules = (
			);
			dependencies = (
			);
			name = BudgetWidgetExtension;
			productName = BudgetWidgetExtension;
			productReference = CFA1DE5B2A0C32B20055E3CD /* BudgetWidgetExtension.appex */;
			productType = "com.apple.product-type.app-extension";
		};
		CFD3ED732DCA3D2E0029AC2F /* PersimmonTests */ = {
			isa = PBXNativeTarget;
			buildConfigurationList = CFD3ED7A2DCA3D2E0029AC2F /* Build configuration list for PBXNativeTarget "PersimmonTests" */;
			buildPhases = (
				CFD3ED702DCA3D2E0029AC2F /* Sources */,
				CFD3ED712DCA3D2E0029AC2F /* Frameworks */,
				CFD3ED722DCA3D2E0029AC2F /* Resources */,
			);
			buildRules = (
			);
			dependencies = (
				CFD3ED792DCA3D2E0029AC2F /* PBXTargetDependency */,
			);
			name = PersimmonTests;
			packageProductDependencies = (
			);
			productName = PersimmonTests;
			productReference = CFD3ED742DCA3D2E0029AC2F /* PersimmonTests.xctest */;
			productType = "com.apple.product-type.bundle.unit-test";
		};
/* End PBXNativeTarget section */

/* Begin PBXProject section */
		CF2CB0992A06F8D600CBA434 /* Project object */ = {
			isa = PBXProject;
			attributes = {
				BuildIndependentTargetsInParallel = 1;
				LastSwiftUpdateCheck = 1630;
				LastUpgradeCheck = 1620;
				TargetAttributes = {
					CF2CB0A02A06F8D600CBA434 = {
						CreatedOnToolsVersion = 14.2;
					};
					CFA1DE5A2A0C32B20055E3CD = {
						CreatedOnToolsVersion = 14.2;
					};
					CFD3ED732DCA3D2E0029AC2F = {
						CreatedOnToolsVersion = 16.3;
						TestTargetID = CF2CB0A02A06F8D600CBA434;
					};
				};
			};
			buildConfigurationList = CF2CB09C2A06F8D600CBA434 /* Build configuration list for PBXProject "Persimmon" */;
			compatibilityVersion = "Xcode 14.0";
			developmentRegion = en;
			hasScannedForEncodings = 0;
			knownRegions = (
				en,
				Base,
			);
			mainGroup = CF2CB0982A06F8D600CBA434;
			productRefGroup = CF2CB0A22A06F8D600CBA434 /* Products */;
			projectDirPath = "";
			projectRoot = "";
			targets = (
				CF2CB0A02A06F8D600CBA434 /* Persimmon */,
				CFA1DE5A2A0C32B20055E3CD /* BudgetWidgetExtension */,
				CFD3ED732DCA3D2E0029AC2F /* PersimmonTests */,
			);
		};
/* End PBXProject section */

/* Begin PBXResourcesBuildPhase section */
		CF2CB09F2A06F8D600CBA434 /* Resources */ = {
			isa = PBXResourcesBuildPhase;
			buildActionMask = 2147483647;
			files = (
				CF2300A02D145EAF00B52746 /* LaunchScreen.storyboard in Resources */,
				CF2CB0AC2A06F8D900CBA434 /* Preview Assets.xcassets in Resources */,
				CF2CB0A92A06F8D900CBA434 /* Assets.xcassets in Resources */,
			);
			runOnlyForDeploymentPostprocessing = 0;
		};
		CFA1DE592A0C32B20055E3CD /* Resources */ = {
			isa = PBXResourcesBuildPhase;
			buildActionMask = 2147483647;
			files = (
				CFA1DE6A2A0C32B50055E3CD /* Assets.xcassets in Resources */,
			);
			runOnlyForDeploymentPostprocessing = 0;
		};
		CFD3ED722DCA3D2E0029AC2F /* Resources */ = {
			isa = PBXResourcesBuildPhase;
			buildActionMask = 2147483647;
			files = (
			);
			runOnlyForDeploymentPostprocessing = 0;
		};
/* End PBXResourcesBuildPhase section */

/* Begin PBXSourcesBuildPhase section */
		CF2CB09D2A06F8D600CBA434 /* Sources */ = {
			isa = PBXSourcesBuildPhase;
			buildActionMask = 2147483647;
			files = (
				CFD3ED3D2DBE568F0029AC2F /* FilterView.swift in Sources */,
				CFBEE24A2A081B7100586164 /* LettersIconView.swift in Sources */,
				CF2CB0BB2A06FC3E00CBA434 /* ContainerView.swift in Sources */,
				CF44BE332A0FB55A0006019F /* Spacing.swift in Sources */,
				CFD3ED5D2DC5920B0029AC2F /* CreditCard.swift in Sources */,
				CF72A07F2BB9FB9900E0FDB1 /* CurrencyTextField.swift in Sources */,
				CF95BC1F2C58188600C8C1CE /* CategoryDetails.swift in Sources */,
				CF2300A32D147C6000B52746 /* HomeView.swift in Sources */,
				CF7A80492A0DAC580067F5A8 /* CategoriesListView.swift in Sources */,
				CF2CB0C02A06FD9700CBA434 /* Color+Extension.swift in Sources */,
				CF2CB0A52A06F8D600CBA434 /* ModelContainer+Extension.swift in Sources */,
				CF44BE312A0FB5000006019F /* Color.swift in Sources */,
				CFBEE2532A08471100586164 /* PizzaGraphView.swift in Sources */,
				CFE6D7BF2BA9B4C000E76AB8 /* Transaction.swift in Sources */,
				CFBEE23E2A07F3A000586164 /* TransactionsListView.swift in Sources */,
				CF15B3412BAB048A00E8E050 /* AccountDetailsView.swift in Sources */,
				CF15B3612BAE5BD600E8E050 /* TransactionCellView.swift in Sources */,
				CF15B3532BACEBC500E8E050 /* Double+Extension.swift in Sources */,
				CFE6D7BD2BA9277500E76AB8 /* LabeledView.swift in Sources */,
				CFD3ED6F2DC986D90029AC2F /* InstallmentCellView.swift in Sources */,
				CF95BC222C581C1200C8C1CE /* SelectCategoryView.swift in Sources */,
				CF9DA59F2D170B270061056F /* BarsGraphView.swift in Sources */,
				CF82EC652D982D06002F875A /* TransactionsListViewModel.swift in Sources */,
				CF9DA5AF2D17B0120061056F /* Installment.swift in Sources */,
				CFD3ED622DC7CF480029AC2F /* EditCreditCardViewModel.swift in Sources */,
				CF9DA5A32D1715AC0061056F /* GraphItem.swift in Sources */,
				CF8104522C037BE4009599B8 /* ProcessInfo+Extension.swift in Sources */,
				CFD3ED6B2DC986A30029AC2F /* BillView.swift in Sources */,
				CF7A804F2A0DBAE20067F5A8 /* ImageIconView.swift in Sources */,
				CFB7F5612BBEBFE6009956E9 /* SelectTransactionTypeView.swift in Sources */,
				CF9DA5AB2D171FCE0061056F /* CategoryExpensesView.swift in Sources */,
				CFBEE2452A080AA700586164 /* String+Extension.swift in Sources */,
				CFD3ED642DC833380029AC2F /* CreditCardCellView.swift in Sources */,
				CF9DA5AD2D171FD40061056F /* AccountsBalancesView.swift in Sources */,
				CFDC21972BAF094000295432 /* EditTransactionView.swift in Sources */,
				CFD3ED672DC977CC0029AC2F /* CardDetailsView.swift in Sources */,
				CFD3ED562DC2C65D0029AC2F /* CameraController.swift in Sources */,
				CFD3ED4F2DBFAEEF0029AC2F /* TicketProcessor.swift in Sources */,
				CFB7F56B2BC0228B009956E9 /* SelectDateView.swift in Sources */,
				CF15B34F2BACE84F00E8E050 /* AccountCellView.swift in Sources */,
				CFF292A82A13B93F00C1A66A /* EditAccountView.swift in Sources */,
				CFB7F56E2BC02A47009956E9 /* Date+Extension.swift in Sources */,
				CFDC219E2BAF29AF00295432 /* SelectAccountView.swift in Sources */,
				CFE61F0A2CD6E887002B1AA7 /* ConfigurationsView.swift in Sources */,
				CF95BC1C2C57C55800C8C1CE /* CategoryCellView.swift in Sources */,
				CFD3ED6D2DC986CE0029AC2F /* BillCellView.swift in Sources */,
				CFF292A62A13B8FE00C1A66A /* EditCategoryView.swift in Sources */,
				CFD3ED602DC7CF440029AC2F /* EditCreditCardView.swift in Sources */,
				CFA1DE6D2A0C32B50055E3CD /* AccountBalanceWidget.intentdefinition in Sources */,
				CFD3ED542DC2C5E60029AC2F /* TicketReaderViewModel.swift in Sources */,
				CF15B34A2BAC3D1200E8E050 /* NavigationToolbarView.swift in Sources */,
				CFD3ED5B2DC57B0F0029AC2F /* Bill.swift in Sources */,
				CFBEE2412A07F9A000586164 /* AccountsAndCardsListView.swift in Sources */,
				CF9D2A722A0996800003DC39 /* NiceColorPicker.swift in Sources */,
				CF95BC162C566EED00C8C1CE /* Category.swift in Sources */,
				CF3116F12A14438600171A4D /* Account.swift in Sources */,
				CF9DA5B12D1839280061056F /* EditTransactionViewModel.swift in Sources */,
				CFD3ED802DCA3E9F0029AC2F /* App.swift in Sources */,
				CFB7F5732BC085AD009956E9 /* SelectLocationView.swift in Sources */,
				CFE563522C34C95100F8EA72 /* PreviewData.swift in Sources */,
				CF0289F42D9DAD0C008E53DC /* PhotosPickerItem+Extension.swift in Sources */,
				CFD3ED4B2DBF131F0029AC2F /* TicketReaderView.swift in Sources */,
				CFE563592C3F4F9B00F8EA72 /* CLLocationCoordinate2D+Extension.swift in Sources */,
				CF15B35C2BAE006600E8E050 /* TransactionDetailsView.swift in Sources */,
				CFE563552C3F433B00F8EA72 /* SelectLocationViewModel.swift in Sources */,
				CF95BC1A2C5675DE00C8C1CE /* NiceIconPicker.swift in Sources */,
			);
			runOnlyForDeploymentPostprocessing = 0;
		};
		CFA1DE572A0C32B20055E3CD /* Sources */ = {
			isa = PBXSourcesBuildPhase;
			buildActionMask = 2147483647;
			files = (
				CF9DA5A22D1715AC0061056F /* GraphItem.swift in Sources */,
				CF57463A2D22C2AB007CC196 /* NiceIconPicker.swift in Sources */,
				CF44BE362A0FB6330006019F /* String+Extension.swift in Sources */,
				CFE6D7C02BA9CAE800E76AB8 /* Spacing.swift in Sources */,
				CF9DA5A02D170B270061056F /* BarsGraphView.swift in Sources */,
				CFA1DE6C2A0C32B50055E3CD /* AccountBalanceWidget.intentdefinition in Sources */,
				CF5746382D22BE30007CC196 /* AccountData.swift in Sources */,
				CF5746392D22C294007CC196 /* NiceColorPicker.swift in Sources */,
				CF44BE342A0FB6220006019F /* Color.swift in Sources */,
				CF0289F32D9DAD0C008E53DC /* PhotosPickerItem+Extension.swift in Sources */,
				CF57463F2D240014007CC196 /* AccountBalanceProvider.swift in Sources */,
				CFA1DE672A0C32B20055E3CD /* AccountBalanceWidget.swift in Sources */,
				CF7A80462A0DA8CC0067F5A8 /* PizzaGraphView.swift in Sources */,
				CF8CF26D2D20CE840008A0F3 /* Double+Extension.swift in Sources */,
				CF44BE352A0FB6330006019F /* Color+Extension.swift in Sources */,
				CF5746352D22BDED007CC196 /* LettersIconView.swift in Sources */,
			);
			runOnlyForDeploymentPostprocessing = 0;
		};
		CFD3ED702DCA3D2E0029AC2F /* Sources */ = {
			isa = PBXSourcesBuildPhase;
			buildActionMask = 2147483647;
			files = (
				CFD3ED842DCA51490029AC2F /* EditTransactionViewModelTests.swift in Sources */,
			);
			runOnlyForDeploymentPostprocessing = 0;
		};
/* End PBXSourcesBuildPhase section */

/* Begin PBXTargetDependency section */
		CFA1DE6F2A0C32B50055E3CD /* PBXTargetDependency */ = {
			isa = PBXTargetDependency;
			target = CFA1DE5A2A0C32B20055E3CD /* BudgetWidgetExtension */;
			targetProxy = CFA1DE6E2A0C32B50055E3CD /* PBXContainerItemProxy */;
		};
		CFD3ED792DCA3D2E0029AC2F /* PBXTargetDependency */ = {
			isa = PBXTargetDependency;
			target = CF2CB0A02A06F8D600CBA434 /* Persimmon */;
			targetProxy = CFD3ED782DCA3D2E0029AC2F /* PBXContainerItemProxy */;
		};
/* End PBXTargetDependency section */

/* Begin XCBuildConfiguration section */
		CF2CB0AD2A06F8D900CBA434 /* Debug */ = {
			isa = XCBuildConfiguration;
			buildSettings = {
				ALWAYS_SEARCH_USER_PATHS = NO;
				CLANG_ANALYZER_NONNULL = YES;
				CLANG_ANALYZER_NUMBER_OBJECT_CONVERSION = YES_AGGRESSIVE;
				CLANG_CXX_LANGUAGE_STANDARD = "gnu++20";
				CLANG_ENABLE_MODULES = YES;
				CLANG_ENABLE_OBJC_ARC = YES;
				CLANG_ENABLE_OBJC_WEAK = YES;
				CLANG_WARN_BLOCK_CAPTURE_AUTORELEASING = YES;
				CLANG_WARN_BOOL_CONVERSION = YES;
				CLANG_WARN_COMMA = YES;
				CLANG_WARN_CONSTANT_CONVERSION = YES;
				CLANG_WARN_DEPRECATED_OBJC_IMPLEMENTATIONS = YES;
				CLANG_WARN_DIRECT_OBJC_ISA_USAGE = YES_ERROR;
				CLANG_WARN_DOCUMENTATION_COMMENTS = YES;
				CLANG_WARN_EMPTY_BODY = YES;
				CLANG_WARN_ENUM_CONVERSION = YES;
				CLANG_WARN_INFINITE_RECURSION = YES;
				CLANG_WARN_INT_CONVERSION = YES;
				CLANG_WARN_NON_LITERAL_NULL_CONVERSION = YES;
				CLANG_WARN_OBJC_IMPLICIT_RETAIN_SELF = YES;
				CLANG_WARN_OBJC_LITERAL_CONVERSION = YES;
				CLANG_WARN_OBJC_ROOT_CLASS = YES_ERROR;
				CLANG_WARN_QUOTED_INCLUDE_IN_FRAMEWORK_HEADER = YES;
				CLANG_WARN_RANGE_LOOP_ANALYSIS = YES;
				CLANG_WARN_STRICT_PROTOTYPES = YES;
				CLANG_WARN_SUSPICIOUS_MOVE = YES;
				CLANG_WARN_UNGUARDED_AVAILABILITY = YES_AGGRESSIVE;
				CLANG_WARN_UNREACHABLE_CODE = YES;
				CLANG_WARN__DUPLICATE_METHOD_MATCH = YES;
				COPY_PHASE_STRIP = NO;
				DEBUG_INFORMATION_FORMAT = dwarf;
				ENABLE_STRICT_OBJC_MSGSEND = YES;
				ENABLE_TESTABILITY = YES;
				ENABLE_USER_SCRIPT_SANDBOXING = YES;
				GCC_C_LANGUAGE_STANDARD = gnu11;
				GCC_DYNAMIC_NO_PIC = NO;
				GCC_NO_COMMON_BLOCKS = YES;
				GCC_OPTIMIZATION_LEVEL = 0;
				GCC_PREPROCESSOR_DEFINITIONS = (
					"DEBUG=1",
					"$(inherited)",
				);
				GCC_WARN_64_TO_32_BIT_CONVERSION = YES;
				GCC_WARN_ABOUT_RETURN_TYPE = YES_ERROR;
				GCC_WARN_UNDECLARED_SELECTOR = YES;
				GCC_WARN_UNINITIALIZED_AUTOS = YES_AGGRESSIVE;
				GCC_WARN_UNUSED_FUNCTION = YES;
				GCC_WARN_UNUSED_VARIABLE = YES;
				IPHONEOS_DEPLOYMENT_TARGET = 16.2;
				MTL_ENABLE_DEBUG_INFO = INCLUDE_SOURCE;
				MTL_FAST_MATH = YES;
				ONLY_ACTIVE_ARCH = YES;
				SDKROOT = iphoneos;
				SWIFT_ACTIVE_COMPILATION_CONDITIONS = DEBUG;
				SWIFT_OPTIMIZATION_LEVEL = "-Onone";
			};
			name = Debug;
		};
		CF2CB0AE2A06F8D900CBA434 /* Release */ = {
			isa = XCBuildConfiguration;
			buildSettings = {
				ALWAYS_SEARCH_USER_PATHS = NO;
				CLANG_ANALYZER_NONNULL = YES;
				CLANG_ANALYZER_NUMBER_OBJECT_CONVERSION = YES_AGGRESSIVE;
				CLANG_CXX_LANGUAGE_STANDARD = "gnu++20";
				CLANG_ENABLE_MODULES = YES;
				CLANG_ENABLE_OBJC_ARC = YES;
				CLANG_ENABLE_OBJC_WEAK = YES;
				CLANG_WARN_BLOCK_CAPTURE_AUTORELEASING = YES;
				CLANG_WARN_BOOL_CONVERSION = YES;
				CLANG_WARN_COMMA = YES;
				CLANG_WARN_CONSTANT_CONVERSION = YES;
				CLANG_WARN_DEPRECATED_OBJC_IMPLEMENTATIONS = YES;
				CLANG_WARN_DIRECT_OBJC_ISA_USAGE = YES_ERROR;
				CLANG_WARN_DOCUMENTATION_COMMENTS = YES;
				CLANG_WARN_EMPTY_BODY = YES;
				CLANG_WARN_ENUM_CONVERSION = YES;
				CLANG_WARN_INFINITE_RECURSION = YES;
				CLANG_WARN_INT_CONVERSION = YES;
				CLANG_WARN_NON_LITERAL_NULL_CONVERSION = YES;
				CLANG_WARN_OBJC_IMPLICIT_RETAIN_SELF = YES;
				CLANG_WARN_OBJC_LITERAL_CONVERSION = YES;
				CLANG_WARN_OBJC_ROOT_CLASS = YES_ERROR;
				CLANG_WARN_QUOTED_INCLUDE_IN_FRAMEWORK_HEADER = YES;
				CLANG_WARN_RANGE_LOOP_ANALYSIS = YES;
				CLANG_WARN_STRICT_PROTOTYPES = YES;
				CLANG_WARN_SUSPICIOUS_MOVE = YES;
				CLANG_WARN_UNGUARDED_AVAILABILITY = YES_AGGRESSIVE;
				CLANG_WARN_UNREACHABLE_CODE = YES;
				CLANG_WARN__DUPLICATE_METHOD_MATCH = YES;
				COPY_PHASE_STRIP = NO;
				DEBUG_INFORMATION_FORMAT = "dwarf-with-dsym";
				ENABLE_NS_ASSERTIONS = NO;
				ENABLE_STRICT_OBJC_MSGSEND = YES;
				ENABLE_USER_SCRIPT_SANDBOXING = YES;
				GCC_C_LANGUAGE_STANDARD = gnu11;
				GCC_NO_COMMON_BLOCKS = YES;
				GCC_WARN_64_TO_32_BIT_CONVERSION = YES;
				GCC_WARN_ABOUT_RETURN_TYPE = YES_ERROR;
				GCC_WARN_UNDECLARED_SELECTOR = YES;
				GCC_WARN_UNINITIALIZED_AUTOS = YES_AGGRESSIVE;
				GCC_WARN_UNUSED_FUNCTION = YES;
				GCC_WARN_UNUSED_VARIABLE = YES;
				IPHONEOS_DEPLOYMENT_TARGET = 16.2;
				MTL_ENABLE_DEBUG_INFO = NO;
				MTL_FAST_MATH = YES;
				SDKROOT = iphoneos;
				SWIFT_COMPILATION_MODE = wholemodule;
				SWIFT_OPTIMIZATION_LEVEL = "-O";
				VALIDATE_PRODUCT = YES;
			};
			name = Release;
		};
		CF2CB0B02A06F8D900CBA434 /* Debug */ = {
			isa = XCBuildConfiguration;
			buildSettings = {
				ASSETCATALOG_COMPILER_APPICON_NAME = AppIcon;
				ASSETCATALOG_COMPILER_GLOBAL_ACCENT_COLOR_NAME = AccentColor;
				CODE_SIGN_ENTITLEMENTS = Persimmon/Persimmon.entitlements;
				CODE_SIGN_STYLE = Automatic;
				CURRENT_PROJECT_VERSION = 1;
				DEVELOPMENT_ASSET_PATHS = "\"Preview Content\"";
				DEVELOPMENT_TEAM = 2T9EKFYB5P;
				ENABLE_PREVIEWS = YES;
				GENERATE_INFOPLIST_FILE = YES;
				INFOPLIST_FILE = Persimmon/Info.plist;
				INFOPLIST_KEY_CFBundleDisplayName = Caderninho;
				INFOPLIST_KEY_NSCameraUsageDescription = "Access camera to read tickets using Vision and NLP";
				INFOPLIST_KEY_NSLocationWhenInUseUsageDescription = "Use location to save where transactions happen.";
				INFOPLIST_KEY_UIApplicationSceneManifest_Generation = YES;
				INFOPLIST_KEY_UIApplicationSupportsIndirectInputEvents = YES;
				INFOPLIST_KEY_UILaunchStoryboardName = LaunchScreen;
				INFOPLIST_KEY_UIStatusBarStyle = "";
				INFOPLIST_KEY_UISupportedInterfaceOrientations_iPad = "UIInterfaceOrientationPortrait UIInterfaceOrientationPortraitUpsideDown UIInterfaceOrientationLandscapeLeft UIInterfaceOrientationLandscapeRight";
				INFOPLIST_KEY_UISupportedInterfaceOrientations_iPhone = "UIInterfaceOrientationPortrait UIInterfaceOrientationLandscapeLeft UIInterfaceOrientationLandscapeRight";
				IPHONEOS_DEPLOYMENT_TARGET = 18.0;
				LD_RUNPATH_SEARCH_PATHS = (
					"$(inherited)",
					"@executable_path/Frameworks",
				);
				MARKETING_VERSION = 1.0;
				PRODUCT_BUNDLE_IDENTIFIER = br.com.rrghkf.Persimmon;
				PRODUCT_NAME = "$(TARGET_NAME)";
				SWIFT_EMIT_LOC_STRINGS = YES;
				SWIFT_VERSION = 5.0;
				TARGETED_DEVICE_FAMILY = "1,2";
			};
			name = Debug;
		};
		CF2CB0B12A06F8D900CBA434 /* Release */ = {
			isa = XCBuildConfiguration;
			buildSettings = {
				ASSETCATALOG_COMPILER_APPICON_NAME = AppIcon;
				ASSETCATALOG_COMPILER_GLOBAL_ACCENT_COLOR_NAME = AccentColor;
				CODE_SIGN_ENTITLEMENTS = Persimmon/Persimmon.entitlements;
				CODE_SIGN_STYLE = Automatic;
				CURRENT_PROJECT_VERSION = 1;
				DEVELOPMENT_ASSET_PATHS = "\"Preview Content\"";
				DEVELOPMENT_TEAM = 2T9EKFYB5P;
				ENABLE_PREVIEWS = YES;
				GENERATE_INFOPLIST_FILE = YES;
				INFOPLIST_FILE = Persimmon/Info.plist;
				INFOPLIST_KEY_CFBundleDisplayName = Caderninho;
				INFOPLIST_KEY_NSCameraUsageDescription = "Access camera to read tickets using Vision and NLP";
				INFOPLIST_KEY_NSLocationWhenInUseUsageDescription = "Use location to save where transactions happen.";
				INFOPLIST_KEY_UIApplicationSceneManifest_Generation = YES;
				INFOPLIST_KEY_UIApplicationSupportsIndirectInputEvents = YES;
				INFOPLIST_KEY_UILaunchStoryboardName = LaunchScreen;
				INFOPLIST_KEY_UIStatusBarStyle = "";
				INFOPLIST_KEY_UISupportedInterfaceOrientations_iPad = "UIInterfaceOrientationPortrait UIInterfaceOrientationPortraitUpsideDown UIInterfaceOrientationLandscapeLeft UIInterfaceOrientationLandscapeRight";
				INFOPLIST_KEY_UISupportedInterfaceOrientations_iPhone = "UIInterfaceOrientationPortrait UIInterfaceOrientationLandscapeLeft UIInterfaceOrientationLandscapeRight";
				IPHONEOS_DEPLOYMENT_TARGET = 18.0;
				LD_RUNPATH_SEARCH_PATHS = (
					"$(inherited)",
					"@executable_path/Frameworks",
				);
				MARKETING_VERSION = 1.0;
				PRODUCT_BUNDLE_IDENTIFIER = br.com.rrghkf.Persimmon;
				PRODUCT_NAME = "$(TARGET_NAME)";
				SWIFT_EMIT_LOC_STRINGS = YES;
				SWIFT_VERSION = 5.0;
				TARGETED_DEVICE_FAMILY = "1,2";
			};
			name = Release;
		};
		CFA1DE722A0C32B50055E3CD /* Debug */ = {
			isa = XCBuildConfiguration;
			buildSettings = {
				ASSETCATALOG_COMPILER_GLOBAL_ACCENT_COLOR_NAME = AccentColor;
				ASSETCATALOG_COMPILER_WIDGET_BACKGROUND_COLOR_NAME = WidgetBackground;
				CODE_SIGN_STYLE = Automatic;
				CURRENT_PROJECT_VERSION = 1;
				DEVELOPMENT_TEAM = AKNQLC48L4;
				GENERATE_INFOPLIST_FILE = YES;
				INFOPLIST_FILE = BudgetWidget/Info.plist;
				INFOPLIST_KEY_CFBundleDisplayName = BudgetWidget;
				INFOPLIST_KEY_NSHumanReadableCopyright = "";
				IPHONEOS_DEPLOYMENT_TARGET = 18.0;
				LD_RUNPATH_SEARCH_PATHS = (
					"$(inherited)",
					"@executable_path/Frameworks",
					"@executable_path/../../Frameworks",
				);
				MARKETING_VERSION = 1.0;
				PRODUCT_BUNDLE_IDENTIFIER = br.com.rrghkf.Persimmon.BudgetWidget;
				PRODUCT_NAME = "$(TARGET_NAME)";
				SKIP_INSTALL = YES;
				SWIFT_EMIT_LOC_STRINGS = YES;
				SWIFT_VERSION = 5.0;
				TARGETED_DEVICE_FAMILY = "1,2";
			};
			name = Debug;
		};
		CFA1DE732A0C32B50055E3CD /* Release */ = {
			isa = XCBuildConfiguration;
			buildSettings = {
				ASSETCATALOG_COMPILER_GLOBAL_ACCENT_COLOR_NAME = AccentColor;
				ASSETCATALOG_COMPILER_WIDGET_BACKGROUND_COLOR_NAME = WidgetBackground;
				CODE_SIGN_STYLE = Automatic;
				CURRENT_PROJECT_VERSION = 1;
				DEVELOPMENT_TEAM = AKNQLC48L4;
				GENERATE_INFOPLIST_FILE = YES;
				INFOPLIST_FILE = BudgetWidget/Info.plist;
				INFOPLIST_KEY_CFBundleDisplayName = BudgetWidget;
				INFOPLIST_KEY_NSHumanReadableCopyright = "";
				IPHONEOS_DEPLOYMENT_TARGET = 18.0;
				LD_RUNPATH_SEARCH_PATHS = (
					"$(inherited)",
					"@executable_path/Frameworks",
					"@executable_path/../../Frameworks",
				);
				MARKETING_VERSION = 1.0;
				PRODUCT_BUNDLE_IDENTIFIER = br.com.rrghkf.Persimmon.BudgetWidget;
				PRODUCT_NAME = "$(TARGET_NAME)";
				SKIP_INSTALL = YES;
				SWIFT_EMIT_LOC_STRINGS = YES;
				SWIFT_VERSION = 5.0;
				TARGETED_DEVICE_FAMILY = "1,2";
			};
			name = Release;
		};
		CFD3ED7B2DCA3D2E0029AC2F /* Debug */ = {
			isa = XCBuildConfiguration;
			buildSettings = {
				ASSETCATALOG_COMPILER_GENERATE_SWIFT_ASSET_SYMBOL_EXTENSIONS = YES;
				BUNDLE_LOADER = "$(TEST_HOST)";
				CODE_SIGN_STYLE = Automatic;
				CURRENT_PROJECT_VERSION = 1;
				DEVELOPMENT_TEAM = AKNQLC48L4;
				GCC_C_LANGUAGE_STANDARD = gnu17;
				GENERATE_INFOPLIST_FILE = YES;
				IPHONEOS_DEPLOYMENT_TARGET = 18.4;
				LOCALIZATION_PREFERS_STRING_CATALOGS = YES;
				MARKETING_VERSION = 1.0;
				PRODUCT_BUNDLE_IDENTIFIER = com.rrghkf.PersimmonTests;
				PRODUCT_NAME = "$(TARGET_NAME)";
				SWIFT_ACTIVE_COMPILATION_CONDITIONS = "DEBUG $(inherited)";
				SWIFT_EMIT_LOC_STRINGS = NO;
				SWIFT_VERSION = 5.0;
				TARGETED_DEVICE_FAMILY = "1,2";
				TEST_HOST = "$(BUILT_PRODUCTS_DIR)/Persimmon.app/$(BUNDLE_EXECUTABLE_FOLDER_PATH)/Persimmon";
			};
			name = Debug;
		};
		CFD3ED7C2DCA3D2E0029AC2F /* Release */ = {
			isa = XCBuildConfiguration;
			buildSettings = {
				ASSETCATALOG_COMPILER_GENERATE_SWIFT_ASSET_SYMBOL_EXTENSIONS = YES;
				BUNDLE_LOADER = "$(TEST_HOST)";
				CODE_SIGN_STYLE = Automatic;
				CURRENT_PROJECT_VERSION = 1;
				DEVELOPMENT_TEAM = AKNQLC48L4;
				GCC_C_LANGUAGE_STANDARD = gnu17;
				GENERATE_INFOPLIST_FILE = YES;
				IPHONEOS_DEPLOYMENT_TARGET = 18.4;
				LOCALIZATION_PREFERS_STRING_CATALOGS = YES;
				MARKETING_VERSION = 1.0;
				PRODUCT_BUNDLE_IDENTIFIER = com.rrghkf.PersimmonTests;
				PRODUCT_NAME = "$(TARGET_NAME)";
				SWIFT_EMIT_LOC_STRINGS = NO;
				SWIFT_VERSION = 5.0;
				TARGETED_DEVICE_FAMILY = "1,2";
				TEST_HOST = "$(BUILT_PRODUCTS_DIR)/Persimmon.app/$(BUNDLE_EXECUTABLE_FOLDER_PATH)/Persimmon";
			};
			name = Release;
		};
/* End XCBuildConfiguration section */

/* Begin XCConfigurationList section */
		CF2CB09C2A06F8D600CBA434 /* Build configuration list for PBXProject "Persimmon" */ = {
			isa = XCConfigurationList;
			buildConfigurations = (
				CF2CB0AD2A06F8D900CBA434 /* Debug */,
				CF2CB0AE2A06F8D900CBA434 /* Release */,
			);
			defaultConfigurationIsVisible = 0;
			defaultConfigurationName = Release;
		};
		CF2CB0AF2A06F8D900CBA434 /* Build configuration list for PBXNativeTarget "Persimmon" */ = {
			isa = XCConfigurationList;
			buildConfigurations = (
				CF2CB0B02A06F8D900CBA434 /* Debug */,
				CF2CB0B12A06F8D900CBA434 /* Release */,
			);
			defaultConfigurationIsVisible = 0;
			defaultConfigurationName = Release;
		};
		CFA1DE712A0C32B50055E3CD /* Build configuration list for PBXNativeTarget "BudgetWidgetExtension" */ = {
			isa = XCConfigurationList;
			buildConfigurations = (
				CFA1DE722A0C32B50055E3CD /* Debug */,
				CFA1DE732A0C32B50055E3CD /* Release */,
			);
			defaultConfigurationIsVisible = 0;
			defaultConfigurationName = Release;
		};
		CFD3ED7A2DCA3D2E0029AC2F /* Build configuration list for PBXNativeTarget "PersimmonTests" */ = {
			isa = XCConfigurationList;
			buildConfigurations = (
				CFD3ED7B2DCA3D2E0029AC2F /* Debug */,
				CFD3ED7C2DCA3D2E0029AC2F /* Release */,
			);
			defaultConfigurationIsVisible = 0;
			defaultConfigurationName = Release;
		};
/* End XCConfigurationList section */
	};
	rootObject = CF2CB0992A06F8D600CBA434 /* Project object */;
}
